<?xml version="1.0" encoding="UTF-8"?>
<CodeBlocks_project_file>
	<FileVersion major="1" minor="6"/>
	<Project>
		<Option title="Derived"/>
		<Option makefile_is_custom="1"/>
		<Option compiler="gcc"/>
		<Option virtualFolders="CMake Files\;"/>
		<Build>
			<Target title="all">
				<Option working_dir="/mnt/c/Users/matth/Google Drive/Second Year/Semester 2/COS 214 (Software Modeling)/Project/214_project/System"/>
				<Option type="4"/>
				<MakeCommands>
					<Build command="/usr/bin/make -f &quot;/mnt/c/Users/matth/Google\ Drive/Second\ Year/Semester\ 2/COS\ 214\ (Software\ Modeling)/Project/214_project/System/Makefile&quot;  VERBOSE=1 all"/>
					<CompileFile command="/usr/bin/make -f &quot;/mnt/c/Users/matth/Google\ Drive/Second\ Year/Semester\ 2/COS\ 214\ (Software\ Modeling)/Project/214_project/System/Makefile&quot;  VERBOSE=1 &quot;$file&quot;"/>
					<Clean command="/usr/bin/make -f &quot;/mnt/c/Users/matth/Google\ Drive/Second\ Year/Semester\ 2/COS\ 214\ (Software\ Modeling)/Project/214_project/System/Makefile&quot;  VERBOSE=1 clean"/>
					<DistClean command="/usr/bin/make -f &quot;/mnt/c/Users/matth/Google\ Drive/Second\ Year/Semester\ 2/COS\ 214\ (Software\ Modeling)/Project/214_project/System/Makefile&quot;  VERBOSE=1 clean"/>
				</MakeCommands>
			</Target>
			<Target title="rebuild_cache">
				<Option working_dir="/mnt/c/Users/matth/Google Drive/Second Year/Semester 2/COS 214 (Software Modeling)/Project/214_project/System"/>
				<Option type="4"/>
				<MakeCommands>
					<Build command="/usr/bin/make -f &quot;/mnt/c/Users/matth/Google\ Drive/Second\ Year/Semester\ 2/COS\ 214\ (Software\ Modeling)/Project/214_project/System/Makefile&quot;  VERBOSE=1 rebuild_cache"/>
					<CompileFile command="/usr/bin/make -f &quot;/mnt/c/Users/matth/Google\ Drive/Second\ Year/Semester\ 2/COS\ 214\ (Software\ Modeling)/Project/214_project/System/Makefile&quot;  VERBOSE=1 &quot;$file&quot;"/>
					<Clean command="/usr/bin/make -f &quot;/mnt/c/Users/matth/Google\ Drive/Second\ Year/Semester\ 2/COS\ 214\ (Software\ Modeling)/Project/214_project/System/Makefile&quot;  VERBOSE=1 clean"/>
					<DistClean command="/usr/bin/make -f &quot;/mnt/c/Users/matth/Google\ Drive/Second\ Year/Semester\ 2/COS\ 214\ (Software\ Modeling)/Project/214_project/System/Makefile&quot;  VERBOSE=1 clean"/>
				</MakeCommands>
			</Target>
			<Target title="edit_cache">
				<Option working_dir="/mnt/c/Users/matth/Google Drive/Second Year/Semester 2/COS 214 (Software Modeling)/Project/214_project/System"/>
				<Option type="4"/>
				<MakeCommands>
					<Build command="/usr/bin/make -f &quot;/mnt/c/Users/matth/Google\ Drive/Second\ Year/Semester\ 2/COS\ 214\ (Software\ Modeling)/Project/214_project/System/Makefile&quot;  VERBOSE=1 edit_cache"/>
					<CompileFile command="/usr/bin/make -f &quot;/mnt/c/Users/matth/Google\ Drive/Second\ Year/Semester\ 2/COS\ 214\ (Software\ Modeling)/Project/214_project/System/Makefile&quot;  VERBOSE=1 &quot;$file&quot;"/>
					<Clean command="/usr/bin/make -f &quot;/mnt/c/Users/matth/Google\ Drive/Second\ Year/Semester\ 2/COS\ 214\ (Software\ Modeling)/Project/214_project/System/Makefile&quot;  VERBOSE=1 clean"/>
					<DistClean command="/usr/bin/make -f &quot;/mnt/c/Users/matth/Google\ Drive/Second\ Year/Semester\ 2/COS\ 214\ (Software\ Modeling)/Project/214_project/System/Makefile&quot;  VERBOSE=1 clean"/>
				</MakeCommands>
			</Target>
			<Target title="main">
				<Option output="/mnt/c/Users/matth/Google Drive/Second Year/Semester 2/COS 214 (Software Modeling)/Project/214_project/System/main" prefix_auto="0" extension_auto="0"/>
				<Option working_dir="/mnt/c/Users/matth/Google Drive/Second Year/Semester 2/COS 214 (Software Modeling)/Project/214_project/System"/>
				<Option object_output="./"/>
				<Option type="1"/>
				<Option compiler="gcc"/>
				<Compiler/>
				<MakeCommands>
					<Build command="/usr/bin/make -f &quot;/mnt/c/Users/matth/Google\ Drive/Second\ Year/Semester\ 2/COS\ 214\ (Software\ Modeling)/Project/214_project/System/Makefile&quot;  VERBOSE=1 main"/>
					<CompileFile command="/usr/bin/make -f &quot;/mnt/c/Users/matth/Google\ Drive/Second\ Year/Semester\ 2/COS\ 214\ (Software\ Modeling)/Project/214_project/System/Makefile&quot;  VERBOSE=1 &quot;$file&quot;"/>
					<Clean command="/usr/bin/make -f &quot;/mnt/c/Users/matth/Google\ Drive/Second\ Year/Semester\ 2/COS\ 214\ (Software\ Modeling)/Project/214_project/System/Makefile&quot;  VERBOSE=1 clean"/>
					<DistClean command="/usr/bin/make -f &quot;/mnt/c/Users/matth/Google\ Drive/Second\ Year/Semester\ 2/COS\ 214\ (Software\ Modeling)/Project/214_project/System/Makefile&quot;  VERBOSE=1 clean"/>
				</MakeCommands>
			</Target>
			<Target title="main/fast">
				<Option output="/mnt/c/Users/matth/Google Drive/Second Year/Semester 2/COS 214 (Software Modeling)/Project/214_project/System/main" prefix_auto="0" extension_auto="0"/>
				<Option working_dir="/mnt/c/Users/matth/Google Drive/Second Year/Semester 2/COS 214 (Software Modeling)/Project/214_project/System"/>
				<Option object_output="./"/>
				<Option type="1"/>
				<Option compiler="gcc"/>
				<Compiler/>
				<MakeCommands>
					<Build command="/usr/bin/make -f &quot;/mnt/c/Users/matth/Google\ Drive/Second\ Year/Semester\ 2/COS\ 214\ (Software\ Modeling)/Project/214_project/System/Makefile&quot;  VERBOSE=1 main/fast"/>
					<CompileFile command="/usr/bin/make -f &quot;/mnt/c/Users/matth/Google\ Drive/Second\ Year/Semester\ 2/COS\ 214\ (Software\ Modeling)/Project/214_project/System/Makefile&quot;  VERBOSE=1 &quot;$file&quot;"/>
					<Clean command="/usr/bin/make -f &quot;/mnt/c/Users/matth/Google\ Drive/Second\ Year/Semester\ 2/COS\ 214\ (Software\ Modeling)/Project/214_project/System/Makefile&quot;  VERBOSE=1 clean"/>
					<DistClean command="/usr/bin/make -f &quot;/mnt/c/Users/matth/Google\ Drive/Second\ Year/Semester\ 2/COS\ 214\ (Software\ Modeling)/Project/214_project/System/Makefile&quot;  VERBOSE=1 clean"/>
				</MakeCommands>
			</Target>
		</Build>
		<Unit filename="/mnt/c/Users/matth/Google Drive/Second Year/Semester 2/COS 214 (Software Modeling)/Project/214_project/System/AllHeaders.h">
			<Option target="main"/>
		</Unit>
		<Unit filename="/mnt/c/Users/matth/Google Drive/Second Year/Semester 2/COS 214 (Software Modeling)/Project/214_project/System/Cargo.cpp">
			<Option target="main"/>
		</Unit>
		<Unit filename="/mnt/c/Users/matth/Google Drive/Second Year/Semester 2/COS 214 (Software Modeling)/Project/214_project/System/Cargo.h">
			<Option target="main"/>
		</Unit>
		<Unit filename="/mnt/c/Users/matth/Google Drive/Second Year/Semester 2/COS 214 (Software Modeling)/Project/214_project/System/CargoCollection.cpp">
			<Option target="main"/>
		</Unit>
		<Unit filename="/mnt/c/Users/matth/Google Drive/Second Year/Semester 2/COS 214 (Software Modeling)/Project/214_project/System/CargoCollection.h">
			<Option target="main"/>
		</Unit>
		<Unit filename="/mnt/c/Users/matth/Google Drive/Second Year/Semester 2/COS 214 (Software Modeling)/Project/214_project/System/CargoIterator.cpp">
			<Option target="main"/>
		</Unit>
		<Unit filename="/mnt/c/Users/matth/Google Drive/Second Year/Semester 2/COS 214 (Software Modeling)/Project/214_project/System/CargoIterator.h">
			<Option target="main"/>
		</Unit>
		<Unit filename="/mnt/c/Users/matth/Google Drive/Second Year/Semester 2/COS 214 (Software Modeling)/Project/214_project/System/Colours.h">
			<Option target="main"/>
		</Unit>
		<Unit filename="/mnt/c/Users/matth/Google Drive/Second Year/Semester 2/COS 214 (Software Modeling)/Project/214_project/System/ConcreteGroundMissionControl.cpp">
			<Option target="main"/>
		</Unit>
		<Unit filename="/mnt/c/Users/matth/Google Drive/Second Year/Semester 2/COS 214 (Software Modeling)/Project/214_project/System/ConcreteGroundMissionControl.h">
			<Option target="main"/>
		</Unit>
		<Unit filename="/mnt/c/Users/matth/Google Drive/Second Year/Semester 2/COS 214 (Software Modeling)/Project/214_project/System/ConfigurationManager.cpp">
			<Option target="main"/>
		</Unit>
		<Unit filename="/mnt/c/Users/matth/Google Drive/Second Year/Semester 2/COS 214 (Software Modeling)/Project/214_project/System/ConfigurationManager.h">
			<Option target="main"/>
		</Unit>
		<Unit filename="/mnt/c/Users/matth/Google Drive/Second Year/Semester 2/COS 214 (Software Modeling)/Project/214_project/System/Core.cpp">
			<Option target="main"/>
		</Unit>
		<Unit filename="/mnt/c/Users/matth/Google Drive/Second Year/Semester 2/COS 214 (Software Modeling)/Project/214_project/System/Core.h">
			<Option target="main"/>
		</Unit>
		<Unit filename="/mnt/c/Users/matth/Google Drive/Second Year/Semester 2/COS 214 (Software Modeling)/Project/214_project/System/CrewDragon.cpp">
			<Option target="main"/>
		</Unit>
		<Unit filename="/mnt/c/Users/matth/Google Drive/Second Year/Semester 2/COS 214 (Software Modeling)/Project/214_project/System/CrewDragon.h">
			<Option target="main"/>
		</Unit>
		<Unit filename="/mnt/c/Users/matth/Google Drive/Second Year/Semester 2/COS 214 (Software Modeling)/Project/214_project/System/Dragon.cpp">
			<Option target="main"/>
		</Unit>
		<Unit filename="/mnt/c/Users/matth/Google Drive/Second Year/Semester 2/COS 214 (Software Modeling)/Project/214_project/System/Dragon.h">
			<Option target="main"/>
		</Unit>
		<Unit filename="/mnt/c/Users/matth/Google Drive/Second Year/Semester 2/COS 214 (Software Modeling)/Project/214_project/System/Engine.cpp">
			<Option target="main"/>
		</Unit>
		<Unit filename="/mnt/c/Users/matth/Google Drive/Second Year/Semester 2/COS 214 (Software Modeling)/Project/214_project/System/Engine.h">
			<Option target="main"/>
		</Unit>
		<Unit filename="/mnt/c/Users/matth/Google Drive/Second Year/Semester 2/COS 214 (Software Modeling)/Project/214_project/System/F9Stage1.cpp">
			<Option target="main"/>
		</Unit>
		<Unit filename="/mnt/c/Users/matth/Google Drive/Second Year/Semester 2/COS 214 (Software Modeling)/Project/214_project/System/F9Stage1.h">
			<Option target="main"/>
		</Unit>
		<Unit filename="/mnt/c/Users/matth/Google Drive/Second Year/Semester 2/COS 214 (Software Modeling)/Project/214_project/System/F9Stage2.cpp">
			<Option target="main"/>
		</Unit>
		<Unit filename="/mnt/c/Users/matth/Google Drive/Second Year/Semester 2/COS 214 (Software Modeling)/Project/214_project/System/F9Stage2.h">
			<Option target="main"/>
		</Unit>
		<Unit filename="/mnt/c/Users/matth/Google Drive/Second Year/Semester 2/COS 214 (Software Modeling)/Project/214_project/System/FHStage1.cpp">
			<Option target="main"/>
		</Unit>
		<Unit filename="/mnt/c/Users/matth/Google Drive/Second Year/Semester 2/COS 214 (Software Modeling)/Project/214_project/System/FHStage1.h">
			<Option target="main"/>
		</Unit>
		<Unit filename="/mnt/c/Users/matth/Google Drive/Second Year/Semester 2/COS 214 (Software Modeling)/Project/214_project/System/FHStage2.cpp">
			<Option target="main"/>
		</Unit>
		<Unit filename="/mnt/c/Users/matth/Google Drive/Second Year/Semester 2/COS 214 (Software Modeling)/Project/214_project/System/FHStage2.h">
			<Option target="main"/>
		</Unit>
		<Unit filename="/mnt/c/Users/matth/Google Drive/Second Year/Semester 2/COS 214 (Software Modeling)/Project/214_project/System/Falcon9.cpp">
			<Option target="main"/>
		</Unit>
		<Unit filename="/mnt/c/Users/matth/Google Drive/Second Year/Semester 2/COS 214 (Software Modeling)/Project/214_project/System/Falcon9.h">
			<Option target="main"/>
		</Unit>
		<Unit filename="/mnt/c/Users/matth/Google Drive/Second Year/Semester 2/COS 214 (Software Modeling)/Project/214_project/System/Falcon9Builder.cpp">
			<Option target="main"/>
		</Unit>
		<Unit filename="/mnt/c/Users/matth/Google Drive/Second Year/Semester 2/COS 214 (Software Modeling)/Project/214_project/System/Falcon9Builder.h">
			<Option target="main"/>
		</Unit>
		<Unit filename="/mnt/c/Users/matth/Google Drive/Second Year/Semester 2/COS 214 (Software Modeling)/Project/214_project/System/Falcon9Core.cpp">
			<Option target="main"/>
		</Unit>
		<Unit filename="/mnt/c/Users/matth/Google Drive/Second Year/Semester 2/COS 214 (Software Modeling)/Project/214_project/System/Falcon9Core.h">
			<Option target="main"/>
		</Unit>
		<Unit filename="/mnt/c/Users/matth/Google Drive/Second Year/Semester 2/COS 214 (Software Modeling)/Project/214_project/System/Falcon9Payload.cpp">
			<Option target="main"/>
		</Unit>
		<Unit filename="/mnt/c/Users/matth/Google Drive/Second Year/Semester 2/COS 214 (Software Modeling)/Project/214_project/System/Falcon9Payload.h">
			<Option target="main"/>
		</Unit>
		<Unit filename="/mnt/c/Users/matth/Google Drive/Second Year/Semester 2/COS 214 (Software Modeling)/Project/214_project/System/Falcon9Propulsion.cpp">
			<Option target="main"/>
		</Unit>
		<Unit filename="/mnt/c/Users/matth/Google Drive/Second Year/Semester 2/COS 214 (Software Modeling)/Project/214_project/System/Falcon9Propulsion.h">
			<Option target="main"/>
		</Unit>
		<Unit filename="/mnt/c/Users/matth/Google Drive/Second Year/Semester 2/COS 214 (Software Modeling)/Project/214_project/System/FalconHeavy.cpp">
			<Option target="main"/>
		</Unit>
		<Unit filename="/mnt/c/Users/matth/Google Drive/Second Year/Semester 2/COS 214 (Software Modeling)/Project/214_project/System/FalconHeavy.h">
			<Option target="main"/>
		</Unit>
		<Unit filename="/mnt/c/Users/matth/Google Drive/Second Year/Semester 2/COS 214 (Software Modeling)/Project/214_project/System/FalconHeavyBuilder.cpp">
			<Option target="main"/>
		</Unit>
		<Unit filename="/mnt/c/Users/matth/Google Drive/Second Year/Semester 2/COS 214 (Software Modeling)/Project/214_project/System/FalconHeavyBuilder.h">
			<Option target="main"/>
		</Unit>
		<Unit filename="/mnt/c/Users/matth/Google Drive/Second Year/Semester 2/COS 214 (Software Modeling)/Project/214_project/System/FalconHeavyPayload.cpp">
			<Option target="main"/>
		</Unit>
		<Unit filename="/mnt/c/Users/matth/Google Drive/Second Year/Semester 2/COS 214 (Software Modeling)/Project/214_project/System/FalconHeavyPayload.h">
			<Option target="main"/>
		</Unit>
		<Unit filename="/mnt/c/Users/matth/Google Drive/Second Year/Semester 2/COS 214 (Software Modeling)/Project/214_project/System/FalconHeavyPropulsion.cpp">
			<Option target="main"/>
		</Unit>
		<Unit filename="/mnt/c/Users/matth/Google Drive/Second Year/Semester 2/COS 214 (Software Modeling)/Project/214_project/System/FalconHeavyPropulsion.h">
			<Option target="main"/>
		</Unit>
		<Unit filename="/mnt/c/Users/matth/Google Drive/Second Year/Semester 2/COS 214 (Software Modeling)/Project/214_project/System/GroundMissionControl.cpp">
			<Option target="main"/>
		</Unit>
		<Unit filename="/mnt/c/Users/matth/Google Drive/Second Year/Semester 2/COS 214 (Software Modeling)/Project/214_project/System/GroundMissionControl.h">
			<Option target="main"/>
		</Unit>
		<Unit filename="/mnt/c/Users/matth/Google Drive/Second Year/Semester 2/COS 214 (Software Modeling)/Project/214_project/System/Human.cpp">
			<Option target="main"/>
		</Unit>
		<Unit filename="/mnt/c/Users/matth/Google Drive/Second Year/Semester 2/COS 214 (Software Modeling)/Project/214_project/System/Human.h">
			<Option target="main"/>
		</Unit>
		<Unit filename="/mnt/c/Users/matth/Google Drive/Second Year/Semester 2/COS 214 (Software Modeling)/Project/214_project/System/HumanCollection.cpp">
			<Option target="main"/>
		</Unit>
		<Unit filename="/mnt/c/Users/matth/Google Drive/Second Year/Semester 2/COS 214 (Software Modeling)/Project/214_project/System/HumanCollection.h">
			<Option target="main"/>
		</Unit>
		<Unit filename="/mnt/c/Users/matth/Google Drive/Second Year/Semester 2/COS 214 (Software Modeling)/Project/214_project/System/HumanIterator.cpp">
			<Option target="main"/>
		</Unit>
		<Unit filename="/mnt/c/Users/matth/Google Drive/Second Year/Semester 2/COS 214 (Software Modeling)/Project/214_project/System/HumanIterator.h">
			<Option target="main"/>
		</Unit>
		<Unit filename="/mnt/c/Users/matth/Google Drive/Second Year/Semester 2/COS 214 (Software Modeling)/Project/214_project/System/Iterator.cpp">
			<Option target="main"/>
		</Unit>
		<Unit filename="/mnt/c/Users/matth/Google Drive/Second Year/Semester 2/COS 214 (Software Modeling)/Project/214_project/System/Iterator.h">
			<Option target="main"/>
		</Unit>
		<Unit filename="/mnt/c/Users/matth/Google Drive/Second Year/Semester 2/COS 214 (Software Modeling)/Project/214_project/System/LaunchMode.cpp">
			<Option target="main"/>
		</Unit>
		<Unit filename="/mnt/c/Users/matth/Google Drive/Second Year/Semester 2/COS 214 (Software Modeling)/Project/214_project/System/LaunchMode.h">
			<Option target="main"/>
		</Unit>
		<Unit filename="/mnt/c/Users/matth/Google Drive/Second Year/Semester 2/COS 214 (Software Modeling)/Project/214_project/System/MerlinEngine.cpp">
			<Option target="main"/>
		</Unit>
		<Unit filename="/mnt/c/Users/matth/Google Drive/Second Year/Semester 2/COS 214 (Software Modeling)/Project/214_project/System/MerlinEngine.h">
			<Option target="main"/>
		</Unit>
		<Unit filename="/mnt/c/Users/matth/Google Drive/Second Year/Semester 2/COS 214 (Software Modeling)/Project/214_project/System/OperationsIteratorCargo.cpp">
			<Option target="main"/>
		</Unit>
		<Unit filename="/mnt/c/Users/matth/Google Drive/Second Year/Semester 2/COS 214 (Software Modeling)/Project/214_project/System/OperationsIteratorCargo.h">
			<Option target="main"/>
		</Unit>
		<Unit filename="/mnt/c/Users/matth/Google Drive/Second Year/Semester 2/COS 214 (Software Modeling)/Project/214_project/System/OperationsIteratorHumans.cpp">
			<Option target="main"/>
		</Unit>
		<Unit filename="/mnt/c/Users/matth/Google Drive/Second Year/Semester 2/COS 214 (Software Modeling)/Project/214_project/System/OperationsIteratorHumans.h">
			<Option target="main"/>
		</Unit>
		<Unit filename="/mnt/c/Users/matth/Google Drive/Second Year/Semester 2/COS 214 (Software Modeling)/Project/214_project/System/Payload.cpp">
			<Option target="main"/>
		</Unit>
		<Unit filename="/mnt/c/Users/matth/Google Drive/Second Year/Semester 2/COS 214 (Software Modeling)/Project/214_project/System/Payload.h">
			<Option target="main"/>
		</Unit>
		<Unit filename="/mnt/c/Users/matth/Google Drive/Second Year/Semester 2/COS 214 (Software Modeling)/Project/214_project/System/Propulsion.cpp">
			<Option target="main"/>
		</Unit>
		<Unit filename="/mnt/c/Users/matth/Google Drive/Second Year/Semester 2/COS 214 (Software Modeling)/Project/214_project/System/Propulsion.h">
			<Option target="main"/>
		</Unit>
		<Unit filename="/mnt/c/Users/matth/Google Drive/Second Year/Semester 2/COS 214 (Software Modeling)/Project/214_project/System/Rocket.cpp">
			<Option target="main"/>
		</Unit>
		<Unit filename="/mnt/c/Users/matth/Google Drive/Second Year/Semester 2/COS 214 (Software Modeling)/Project/214_project/System/Rocket.h">
			<Option target="main"/>
		</Unit>
		<Unit filename="/mnt/c/Users/matth/Google Drive/Second Year/Semester 2/COS 214 (Software Modeling)/Project/214_project/System/RocketBuilder.cpp">
			<Option target="main"/>
		</Unit>
		<Unit filename="/mnt/c/Users/matth/Google Drive/Second Year/Semester 2/COS 214 (Software Modeling)/Project/214_project/System/RocketBuilder.h">
			<Option target="main"/>
		</Unit>
		<Unit filename="/mnt/c/Users/matth/Google Drive/Second Year/Semester 2/COS 214 (Software Modeling)/Project/214_project/System/RocketState.cpp">
			<Option target="main"/>
		</Unit>
		<Unit filename="/mnt/c/Users/matth/Google Drive/Second Year/Semester 2/COS 214 (Software Modeling)/Project/214_project/System/RocketState.h">
			<Option target="main"/>
		</Unit>
		<Unit filename="/mnt/c/Users/matth/Google Drive/Second Year/Semester 2/COS 214 (Software Modeling)/Project/214_project/System/Satellite.cpp">
			<Option target="main"/>
		</Unit>
		<Unit filename="/mnt/c/Users/matth/Google Drive/Second Year/Semester 2/COS 214 (Software Modeling)/Project/214_project/System/Satellite.h">
			<Option target="main"/>
		</Unit>
		<Unit filename="/mnt/c/Users/matth/Google Drive/Second Year/Semester 2/COS 214 (Software Modeling)/Project/214_project/System/Simulations.cpp">
			<Option target="main"/>
		</Unit>
		<Unit filename="/mnt/c/Users/matth/Google Drive/Second Year/Semester 2/COS 214 (Software Modeling)/Project/214_project/System/Simulations.h">
			<Option target="main"/>
		</Unit>
		<Unit filename="/mnt/c/Users/matth/Google Drive/Second Year/Semester 2/COS 214 (Software Modeling)/Project/214_project/System/SpaceCraft.cpp">
			<Option target="main"/>
		</Unit>
		<Unit filename="/mnt/c/Users/matth/Google Drive/Second Year/Semester 2/COS 214 (Software Modeling)/Project/214_project/System/SpaceCraft.h">
			<Option target="main"/>
		</Unit>
		<Unit filename="/mnt/c/Users/matth/Google Drive/Second Year/Semester 2/COS 214 (Software Modeling)/Project/214_project/System/SpaceCraftFactory.cpp">
			<Option target="main"/>
		</Unit>
		<Unit filename="/mnt/c/Users/matth/Google Drive/Second Year/Semester 2/COS 214 (Software Modeling)/Project/214_project/System/SpaceCraftFactory.h">
			<Option target="main"/>
		</Unit>
		<Unit filename="/mnt/c/Users/matth/Google Drive/Second Year/Semester 2/COS 214 (Software Modeling)/Project/214_project/System/StarLinkSatellite.cpp">
			<Option target="main"/>
		</Unit>
		<Unit filename="/mnt/c/Users/matth/Google Drive/Second Year/Semester 2/COS 214 (Software Modeling)/Project/214_project/System/StarLinkSatellite.h">
			<Option target="main"/>
		</Unit>
		<Unit filename="/mnt/c/Users/matth/Google Drive/Second Year/Semester 2/COS 214 (Software Modeling)/Project/214_project/System/TestMode.cpp">
			<Option target="main"/>
		</Unit>
		<Unit filename="/mnt/c/Users/matth/Google Drive/Second Year/Semester 2/COS 214 (Software Modeling)/Project/214_project/System/TestMode.h">
			<Option target="main"/>
		</Unit>
		<Unit filename="/mnt/c/Users/matth/Google Drive/Second Year/Semester 2/COS 214 (Software Modeling)/Project/214_project/System/VacuumMerlinEngine.cpp">
			<Option target="main"/>
		</Unit>
		<Unit filename="/mnt/c/Users/matth/Google Drive/Second Year/Semester 2/COS 214 (Software Modeling)/Project/214_project/System/VacuumMerlinEngine.h">
			<Option target="main"/>
		</Unit>
		<Unit filename="/mnt/c/Users/matth/Google Drive/Second Year/Semester 2/COS 214 (Software Modeling)/Project/214_project/System/VectorOfCargo.cpp">
			<Option target="main"/>
		</Unit>
		<Unit filename="/mnt/c/Users/matth/Google Drive/Second Year/Semester 2/COS 214 (Software Modeling)/Project/214_project/System/VectorOfCargo.h">
			<Option target="main"/>
		</Unit>
		<Unit filename="/mnt/c/Users/matth/Google Drive/Second Year/Semester 2/COS 214 (Software Modeling)/Project/214_project/System/VectorOfHumans.cpp">
			<Option target="main"/>
		</Unit>
		<Unit filename="/mnt/c/Users/matth/Google Drive/Second Year/Semester 2/COS 214 (Software Modeling)/Project/214_project/System/VectorOfHumans.h">
			<Option target="main"/>
		</Unit>
		<Unit filename="/mnt/c/Users/matth/Google Drive/Second Year/Semester 2/COS 214 (Software Modeling)/Project/214_project/System/main.cpp">
			<Option target="main"/>
		</Unit>
		<Unit filename="/mnt/c/Users/matth/Google Drive/Second Year/Semester 2/COS 214 (Software Modeling)/Project/214_project/System/test.cpp">
			<Option target="main"/>
		</Unit>
		<Unit filename="/mnt/c/Users/matth/Google Drive/Second Year/Semester 2/COS 214 (Software Modeling)/Project/214_project/System/CMakeLists.txt">
			<Option virtualFolder="CMake Files\"/>
		</Unit>
	</Project>
</CodeBlocks_project_file>
